
Microsoft Visual Studio Solution File, Format Version 12.00
Project("{FAE04EC0-301F-11D3-BF4B-00C04F79EFBC}") = "MotoAPI", "MotoAPI\MotoAPI.csproj", "{70B18ABF-8419-431A-9002-5CA5B3FA7E21}"
EndProject
Global
	GlobalSection(SolutionConfigurationPlatforms) = preSolution
		Debug|Any CPU = Debug|Any CPU
		Release|Any CPU = Release|Any CPU
	EndGlobalSection
	GlobalSection(ProjectConfigurationPlatforms) = postSolution
		{70B18ABF-8419-431A-9002-5CA5B3FA7E21}.Debug|Any CPU.ActiveCfg = Debug|Any CPU
		{70B18ABF-8419-431A-9002-5CA5B3FA7E21}.Debug|Any CPU.Build.0 = Debug|Any CPU
		{70B18ABF-8419-431A-9002-5CA5B3FA7E21}.Release|Any CPU.ActiveCfg = Release|Any CPU
		{70B18ABF-8419-431A-9002-5CA5B3FA7E21}.Release|Any CPU.Build.0 = Release|Any CPU
	EndGlobalSection
EndGlobal
